
Microsoft Visual Studio Solution File, Format Version 12.00
# Visual Studio Version 16
VisualStudioVersion = 16.0.31829.152
MinimumVisualStudioVersion = 10.0.40219.1
Project("{FAE04EC0-301F-11D3-BF4B-00C04F79EFBC}") = "Task17_Wpf", "Task17_Wpf\Task17_Wpf.csproj", "{7ADB8EE1-C9F9-4FD0-AC28-CEC939074EFD}"
EndProject
Global
	GlobalSection(SolutionConfigurationPlatforms) = preSolution
		Debug|Any CPU = Debug|Any CPU
		Release|Any CPU = Release|Any CPU
	EndGlobalSection
	GlobalSection(ProjectConfigurationPlatforms) = postSolution
		{7ADB8EE1-C9F9-4FD0-AC28-CEC939074EFD}.Debug|Any CPU.ActiveCfg = Debug|Any CPU
		{7ADB8EE1-C9F9-4FD0-AC28-CEC939074EFD}.Debug|Any CPU.Build.0 = Debug|Any CPU
		{7ADB8EE1-C9F9-4FD0-AC28-CEC939074EFD}.Release|Any CPU.ActiveCfg = Release|Any CPU
		{7ADB8EE1-C9F9-4FD0-AC28-CEC939074EFD}.Release|Any CPU.Build.0 = Release|Any CPU
	EndGlobalSection
	GlobalSection(SolutionProperties) = preSolution
		HideSolutionNode = FALSE
	EndGlobalSection
	GlobalSection(ExtensibilityGlobals) = postSolution
		SolutionGuid = {962270F0-0666-458C-90C5-1B5E7CE9CFAC}
	EndGlobalSection
EndGlobal
